
Microsoft Visual Studio Solution File, Format Version 12.00
# Visual Studio Version 16
VisualStudioVersion = 16.0.31229.75
MinimumVisualStudioVersion = 10.0.40219.1
Project("{9A19103F-16F7-4668-BE54-9A1E7A4F7556}") = "TurkeyWebsiteProject", "TurkeyWebsiteProject\TurkeyWebsiteProject.csproj", "{B7AB4737-22CA-48BF-A9F7-BA62587318F5}"
EndProject
Project("{2150E333-8FDC-42A3-9474-1A3956D46DE8}") = "Solution Items", "Solution Items", "{B7C40105-A3E9-482C-9AED-CC33665A9A90}"
	ProjectSection(SolutionItems) = preProject
		README.md = README.md
	EndProjectSection
EndProject
Project("{FAE04EC0-301F-11D3-BF4B-00C04F79EFBC}") = "TurkeyWebsiteProjectTest", "TurkeyWebsiteProjectTest\TurkeyWebsiteProjectTest.csproj", "{49D00844-70B0-409A-A065-D56048CAF6A0}"
EndProject
Global
	GlobalSection(SolutionConfigurationPlatforms) = preSolution
		Debug|Any CPU = Debug|Any CPU
		Release|Any CPU = Release|Any CPU
	EndGlobalSection
	GlobalSection(ProjectConfigurationPlatforms) = postSolution
		{B7AB4737-22CA-48BF-A9F7-BA62587318F5}.Debug|Any CPU.ActiveCfg = Debug|Any CPU
		{B7AB4737-22CA-48BF-A9F7-BA62587318F5}.Debug|Any CPU.Build.0 = Debug|Any CPU
		{B7AB4737-22CA-48BF-A9F7-BA62587318F5}.Release|Any CPU.ActiveCfg = Release|Any CPU
		{B7AB4737-22CA-48BF-A9F7-BA62587318F5}.Release|Any CPU.Build.0 = Release|Any CPU
		{49D00844-70B0-409A-A065-D56048CAF6A0}.Debug|Any CPU.ActiveCfg = Debug|Any CPU
		{49D00844-70B0-409A-A065-D56048CAF6A0}.Debug|Any CPU.Build.0 = Debug|Any CPU
		{49D00844-70B0-409A-A065-D56048CAF6A0}.Release|Any CPU.ActiveCfg = Release|Any CPU
		{49D00844-70B0-409A-A065-D56048CAF6A0}.Release|Any CPU.Build.0 = Release|Any CPU
	EndGlobalSection
	GlobalSection(SolutionProperties) = preSolution
		HideSolutionNode = FALSE
	EndGlobalSection
	GlobalSection(ExtensibilityGlobals) = postSolution
		SolutionGuid = {701423DC-612A-4F6C-975D-B7D61293CDB4}
	EndGlobalSection
EndGlobal
